
Microsoft Visual Studio Solution File, Format Version 12.00
# Visual Studio Version 17
VisualStudioVersion = 17.0.31717.71
MinimumVisualStudioVersion = 10.0.40219.1
Project("{FAE04EC0-301F-11D3-BF4B-00C04F79EFBC}") = "GemiddeldeMDI", "GemiddeldeMDI.csproj", "{36754B73-4DCF-4717-BB92-46AA1EE4E4CF}"
EndProject
Global
	GlobalSection(SolutionConfigurationPlatforms) = preSolution
		Debug|Any CPU = Debug|Any CPU
		Release|Any CPU = Release|Any CPU
	EndGlobalSection
	GlobalSection(ProjectConfigurationPlatforms) = postSolution
		{36754B73-4DCF-4717-BB92-46AA1EE4E4CF}.Debug|Any CPU.ActiveCfg = Debug|Any CPU
		{36754B73-4DCF-4717-BB92-46AA1EE4E4CF}.Debug|Any CPU.Build.0 = Debug|Any CPU
		{36754B73-4DCF-4717-BB92-46AA1EE4E4CF}.Release|Any CPU.ActiveCfg = Release|Any CPU
		{36754B73-4DCF-4717-BB92-46AA1EE4E4CF}.Release|Any CPU.Build.0 = Release|Any CPU
	EndGlobalSection
	GlobalSection(SolutionProperties) = preSolution
		HideSolutionNode = FALSE
	EndGlobalSection
	GlobalSection(ExtensibilityGlobals) = postSolution
		SolutionGuid = {7A2CFF67-42F3-4F77-8192-5F9CE362D384}
	EndGlobalSection
EndGlobal
