
Microsoft Visual Studio Solution File, Format Version 12.00
# Visual Studio Version 17
VisualStudioVersion = 17.0.31717.71
MinimumVisualStudioVersion = 10.0.40219.1
Project("{FAE04EC0-301F-11D3-BF4B-00C04F79EFBC}") = "Opdracht5Oef1", "Opdracht5Oef1.csproj", "{749101DA-0FC6-497B-9356-F29F60DD7960}"
EndProject
Global
	GlobalSection(SolutionConfigurationPlatforms) = preSolution
		Debug|Any CPU = Debug|Any CPU
		Release|Any CPU = Release|Any CPU
	EndGlobalSection
	GlobalSection(ProjectConfigurationPlatforms) = postSolution
		{749101DA-0FC6-497B-9356-F29F60DD7960}.Debug|Any CPU.ActiveCfg = Debug|Any CPU
		{749101DA-0FC6-497B-9356-F29F60DD7960}.Debug|Any CPU.Build.0 = Debug|Any CPU
		{749101DA-0FC6-497B-9356-F29F60DD7960}.Release|Any CPU.ActiveCfg = Release|Any CPU
		{749101DA-0FC6-497B-9356-F29F60DD7960}.Release|Any CPU.Build.0 = Release|Any CPU
	EndGlobalSection
	GlobalSection(SolutionProperties) = preSolution
		HideSolutionNode = FALSE
	EndGlobalSection
	GlobalSection(ExtensibilityGlobals) = postSolution
		SolutionGuid = {042D6B59-A458-48FD-A23A-60DF7DD5DE81}
	EndGlobalSection
EndGlobal
